// !$*UTF8*$!
{
	archiveVersion = 1;
	classes = {
	};
	objectVersion = 48;
	objects = {

/* Begin PBXBuildFile section */
		46342CD41FE681BB001F4365 /* AppDelegate.swift in Sources */ = {isa = PBXBuildFile; fileRef = 46342CD31FE681BB001F4365 /* AppDelegate.swift */; };
		46342CD91FE681BB001F4365 /* Main.storyboard in Resources */ = {isa = PBXBuildFile; fileRef = 46342CD71FE681BB001F4365 /* Main.storyboard */; };
		46342CDB1FE681BB001F4365 /* Assets.xcassets in Resources */ = {isa = PBXBuildFile; fileRef = 46342CDA1FE681BB001F4365 /* Assets.xcassets */; };
		46342CDE1FE681BB001F4365 /* LaunchScreen.storyboard in Resources */ = {isa = PBXBuildFile; fileRef = 46342CDC1FE681BB001F4365 /* LaunchScreen.storyboard */; };
		46342CE91FE6931D001F4365 /* SWRevealViewController.m in Sources */ = {isa = PBXBuildFile; fileRef = 46342CE81FE6931D001F4365 /* SWRevealViewController.m */; };
		46342CEE1FE81ABD001F4365 /* ChatVC.swift in Sources */ = {isa = PBXBuildFile; fileRef = 46342CED1FE81ABD001F4365 /* ChatVC.swift */; };
		46342CF11FE81AF2001F4365 /* ChannelVC.swift in Sources */ = {isa = PBXBuildFile; fileRef = 46342CF01FE81AF2001F4365 /* ChannelVC.swift */; };
		46342CF31FEBF71E001F4365 /* GradientView.swift in Sources */ = {isa = PBXBuildFile; fileRef = 46342CF21FEBF71E001F4365 /* GradientView.swift */; };
		467477A01FEFE5D400540582 /* Constants.swift in Sources */ = {isa = PBXBuildFile; fileRef = 4674779F1FEFE5D400540582 /* Constants.swift */; };
		467477A21FEFF26C00540582 /* LoginVC.swift in Sources */ = {isa = PBXBuildFile; fileRef = 467477A11FEFF26C00540582 /* LoginVC.swift */; };
		467477A41FF13E6C00540582 /* CreateAccountVC.swift in Sources */ = {isa = PBXBuildFile; fileRef = 467477A31FF13E6C00540582 /* CreateAccountVC.swift */; };
		9727CCFC8385CBCC0250FC20 /* Pods_Smack.framework in Frameworks */ = {isa = PBXBuildFile; fileRef = 08F9BAE49CA7AD9B1576903E /* Pods_Smack.framework */; };
/* End PBXBuildFile section */

/* Begin PBXFileReference section */
		0731C6FC7A91F3C51128952D /* Pods-Smack.release.xcconfig */ = {isa = PBXFileReference; includeInIndex = 1; lastKnownFileType = text.xcconfig; name = "Pods-Smack.release.xcconfig"; path = "Pods/Target Support Files/Pods-Smack/Pods-Smack.release.xcconfig"; sourceTree = "<group>"; };
		08F9BAE49CA7AD9B1576903E /* Pods_Smack.framework */ = {isa = PBXFileReference; explicitFileType = wrapper.framework; includeInIndex = 0; path = Pods_Smack.framework; sourceTree = BUILT_PRODUCTS_DIR; };
		46342CD01FE681BB001F4365 /* Smack.app */ = {isa = PBXFileReference; explicitFileType = wrapper.application; includeInIndex = 0; path = Smack.app; sourceTree = BUILT_PRODUCTS_DIR; };
		46342CD31FE681BB001F4365 /* AppDelegate.swift */ = {isa = PBXFileReference; lastKnownFileType = sourcecode.swift; path = AppDelegate.swift; sourceTree = "<group>"; };
		46342CD81FE681BB001F4365 /* Base */ = {isa = PBXFileReference; lastKnownFileType = file.storyboard; name = Base; path = Base.lproj/Main.storyboard; sourceTree = "<group>"; };
		46342CDA1FE681BB001F4365 /* Assets.xcassets */ = {isa = PBXFileReference; lastKnownFileType = folder.assetcatalog; path = Assets.xcassets; sourceTree = "<group>"; };
		46342CDD1FE681BB001F4365 /* Base */ = {isa = PBXFileReference; lastKnownFileType = file.storyboard; name = Base; path = Base.lproj/LaunchScreen.storyboard; sourceTree = "<group>"; };
		46342CDF1FE681BB001F4365 /* Info.plist */ = {isa = PBXFileReference; lastKnownFileType = text.plist.xml; path = Info.plist; sourceTree = "<group>"; };
		46342CE61FE6931C001F4365 /* Smack-Bridging-Header.h */ = {isa = PBXFileReference; lastKnownFileType = sourcecode.c.h; path = "Smack-Bridging-Header.h"; sourceTree = "<group>"; };
		46342CE71FE6931D001F4365 /* SWRevealViewController.h */ = {isa = PBXFileReference; fileEncoding = 4; lastKnownFileType = sourcecode.c.h; path = SWRevealViewController.h; sourceTree = "<group>"; };
		46342CE81FE6931D001F4365 /* SWRevealViewController.m */ = {isa = PBXFileReference; fileEncoding = 4; lastKnownFileType = sourcecode.c.objc; path = SWRevealViewController.m; sourceTree = "<group>"; };
		46342CED1FE81ABD001F4365 /* ChatVC.swift */ = {isa = PBXFileReference; lastKnownFileType = sourcecode.swift; path = ChatVC.swift; sourceTree = "<group>"; };
		46342CF01FE81AF2001F4365 /* ChannelVC.swift */ = {isa = PBXFileReference; lastKnownFileType = sourcecode.swift; path = ChannelVC.swift; sourceTree = "<group>"; };
		46342CF21FEBF71E001F4365 /* GradientView.swift */ = {isa = PBXFileReference; lastKnownFileType = sourcecode.swift; path = GradientView.swift; sourceTree = "<group>"; };
		4674779F1FEFE5D400540582 /* Constants.swift */ = {isa = PBXFileReference; lastKnownFileType = sourcecode.swift; path = Constants.swift; sourceTree = "<group>"; };
		467477A11FEFF26C00540582 /* LoginVC.swift */ = {isa = PBXFileReference; lastKnownFileType = sourcecode.swift; path = LoginVC.swift; sourceTree = "<group>"; };
		467477A31FF13E6C00540582 /* CreateAccountVC.swift */ = {isa = PBXFileReference; lastKnownFileType = sourcecode.swift; path = CreateAccountVC.swift; sourceTree = "<group>"; };
		70881E4313EE72B2D0A6EFFF /* Pods-Smack.debug.xcconfig */ = {isa = PBXFileReference; includeInIndex = 1; lastKnownFileType = text.xcconfig; name = "Pods-Smack.debug.xcconfig"; path = "Pods/Target Support Files/Pods-Smack/Pods-Smack.debug.xcconfig"; sourceTree = "<group>"; };
/* End PBXFileReference section */

/* Begin PBXFrameworksBuildPhase section */
		46342CCD1FE681BA001F4365 /* Frameworks */ = {
			isa = PBXFrameworksBuildPhase;
			buildActionMask = 2147483647;
			files = (
				9727CCFC8385CBCC0250FC20 /* Pods_Smack.framework in Frameworks */,
			);
			runOnlyForDeploymentPostprocessing = 0;
		};
/* End PBXFrameworksBuildPhase section */

/* Begin PBXGroup section */
		2B68AC6CF789E886DFE88B37 /* Pods */ = {
			isa = PBXGroup;
			children = (
				70881E4313EE72B2D0A6EFFF /* Pods-Smack.debug.xcconfig */,
				0731C6FC7A91F3C51128952D /* Pods-Smack.release.xcconfig */,
			);
			name = Pods;
			sourceTree = "<group>";
		};
		46342CC71FE681BA001F4365 = {
			isa = PBXGroup;
			children = (
				46342CD21FE681BB001F4365 /* Smack */,
				46342CD11FE681BB001F4365 /* Products */,
				2B68AC6CF789E886DFE88B37 /* Pods */,
				BAE53FAC2275CD225D861657 /* Frameworks */,
			);
			sourceTree = "<group>";
		};
		46342CD11FE681BB001F4365 /* Products */ = {
			isa = PBXGroup;
			children = (
				46342CD01FE681BB001F4365 /* Smack.app */,
			);
			name = Products;
			sourceTree = "<group>";
		};
		46342CD21FE681BB001F4365 /* Smack */ = {
			isa = PBXGroup;
			children = (
				4674779E1FEFE59D00540582 /* Utilities */,
				46342CEC1FE81A6C001F4365 /* Controller */,
				46342CEB1FE81A67001F4365 /* View */,
				46342CEA1FE81A61001F4365 /* Model */,
				46342CE51FE692E1001F4365 /* Supporting Files */,
				46342CD31FE681BB001F4365 /* AppDelegate.swift */,
				46342CD71FE681BB001F4365 /* Main.storyboard */,
				46342CDA1FE681BB001F4365 /* Assets.xcassets */,
				46342CDC1FE681BB001F4365 /* LaunchScreen.storyboard */,
				46342CDF1FE681BB001F4365 /* Info.plist */,
			);
			path = Smack;
			sourceTree = "<group>";
		};
		46342CE51FE692E1001F4365 /* Supporting Files */ = {
			isa = PBXGroup;
			children = (
				46342CE71FE6931D001F4365 /* SWRevealViewController.h */,
				46342CE81FE6931D001F4365 /* SWRevealViewController.m */,
				46342CE61FE6931C001F4365 /* Smack-Bridging-Header.h */,
			);
			path = "Supporting Files";
			sourceTree = "<group>";
		};
		46342CEA1FE81A61001F4365 /* Model */ = {
			isa = PBXGroup;
			children = (
			);
			path = Model;
			sourceTree = "<group>";
		};
		46342CEB1FE81A67001F4365 /* View */ = {
			isa = PBXGroup;
			children = (
				46342CF21FEBF71E001F4365 /* GradientView.swift */,
			);
			path = View;
			sourceTree = "<group>";
		};
		46342CEC1FE81A6C001F4365 /* Controller */ = {
			isa = PBXGroup;
			children = (
				46342CED1FE81ABD001F4365 /* ChatVC.swift */,
				46342CF01FE81AF2001F4365 /* ChannelVC.swift */,
				467477A11FEFF26C00540582 /* LoginVC.swift */,
				467477A31FF13E6C00540582 /* CreateAccountVC.swift */,
			);
			path = Controller;
			sourceTree = "<group>";
		};
		4674779E1FEFE59D00540582 /* Utilities */ = {
			isa = PBXGroup;
			children = (
				4674779F1FEFE5D400540582 /* Constants.swift */,
			);
			path = Utilities;
			sourceTree = "<group>";
		};
		BAE53FAC2275CD225D861657 /* Frameworks */ = {
			isa = PBXGroup;
			children = (
				08F9BAE49CA7AD9B1576903E /* Pods_Smack.framework */,
			);
			name = Frameworks;
			sourceTree = "<group>";
		};
/* End PBXGroup section */

/* Begin PBXNativeTarget section */
		46342CCF1FE681BA001F4365 /* Smack */ = {
			isa = PBXNativeTarget;
			buildConfigurationList = 46342CE21FE681BB001F4365 /* Build configuration list for PBXNativeTarget "Smack" */;
			buildPhases = (
				8ED628DE9B4EF3ECBA0E6462 /* [CP] Check Pods Manifest.lock */,
				46342CCC1FE681BA001F4365 /* Sources */,
				46342CCD1FE681BA001F4365 /* Frameworks */,
				46342CCE1FE681BA001F4365 /* Resources */,
				526EC9A8093E9B1895A36960 /* [CP] Embed Pods Frameworks */,
				AD752C611A64E7797F5670B9 /* [CP] Copy Pods Resources */,
			);
			buildRules = (
			);
			dependencies = (
			);
			name = Smack;
			productName = Smack;
			productReference = 46342CD01FE681BB001F4365 /* Smack.app */;
			productType = "com.apple.product-type.application";
		};
/* End PBXNativeTarget section */

/* Begin PBXProject section */
		46342CC81FE681BA001F4365 /* Project object */ = {
			isa = PBXProject;
			attributes = {
				LastSwiftUpdateCheck = 0920;
				LastUpgradeCheck = 0920;
				ORGANIZATIONNAME = "Abhishek Goyal";
				TargetAttributes = {
					46342CCF1FE681BA001F4365 = {
						CreatedOnToolsVersion = 9.2;
						LastSwiftMigration = 0920;
						ProvisioningStyle = Automatic;
					};
				};
			};
			buildConfigurationList = 46342CCB1FE681BA001F4365 /* Build configuration list for PBXProject "Smack" */;
			compatibilityVersion = "Xcode 8.0";
			developmentRegion = en;
			hasScannedForEncodings = 0;
			knownRegions = (
				en,
				Base,
			);
			mainGroup = 46342CC71FE681BA001F4365;
			productRefGroup = 46342CD11FE681BB001F4365 /* Products */;
			projectDirPath = "";
			projectRoot = "";
			targets = (
				46342CCF1FE681BA001F4365 /* Smack */,
			);
		};
/* End PBXProject section */

/* Begin PBXResourcesBuildPhase section */
		46342CCE1FE681BA001F4365 /* Resources */ = {
			isa = PBXResourcesBuildPhase;
			buildActionMask = 2147483647;
			files = (
				46342CDE1FE681BB001F4365 /* LaunchScreen.storyboard in Resources */,
				46342CDB1FE681BB001F4365 /* Assets.xcassets in Resources */,
				46342CD91FE681BB001F4365 /* Main.storyboard in Resources */,
			);
			runOnlyForDeploymentPostprocessing = 0;
		};
/* End PBXResourcesBuildPhase section */

/* Begin PBXShellScriptBuildPhase section */
		526EC9A8093E9B1895A36960 /* [CP] Embed Pods Frameworks */ = {
			isa = PBXShellScriptBuildPhase;
			buildActionMask = 2147483647;
			files = (
			);
			inputPaths = (
			);
			name = "[CP] Embed Pods Frameworks";
			outputPaths = (
			);
			runOnlyForDeploymentPostprocessing = 0;
			shellPath = /bin/sh;
			shellScript = "\"${SRCROOT}/Pods/Target Support Files/Pods-Smack/Pods-Smack-frameworks.sh\"\n";
			showEnvVarsInLog = 0;
		};
		8ED628DE9B4EF3ECBA0E6462 /* [CP] Check Pods Manifest.lock */ = {
			isa = PBXShellScriptBuildPhase;
			buildActionMask = 2147483647;
			files = (
			);
			inputPaths = (
			);
			name = "[CP] Check Pods Manifest.lock";
			outputPaths = (
			);
			runOnlyForDeploymentPostprocessing = 0;
			shellPath = /bin/sh;
			shellScript = "diff \"${PODS_ROOT}/../Podfile.lock\" \"${PODS_ROOT}/Manifest.lock\" > /dev/null\nif [ $? != 0 ] ; then\n    # print error to STDERR\n    echo \"error: The sandbox is not in sync with the Podfile.lock. Run 'pod install' or update your CocoaPods installation.\" >&2\n    exit 1\nfi\n";
			showEnvVarsInLog = 0;
		};
		AD752C611A64E7797F5670B9 /* [CP] Copy Pods Resources */ = {
			isa = PBXShellScriptBuildPhase;
			buildActionMask = 2147483647;
			files = (
			);
			inputPaths = (
			);
			name = "[CP] Copy Pods Resources";
			outputPaths = (
			);
			runOnlyForDeploymentPostprocessing = 0;
			shellPath = /bin/sh;
			shellScript = "\"${SRCROOT}/Pods/Target Support Files/Pods-Smack/Pods-Smack-resources.sh\"\n";
			showEnvVarsInLog = 0;
		};
/* End PBXShellScriptBuildPhase section */

/* Begin PBXSourcesBuildPhase section */
		46342CCC1FE681BA001F4365 /* Sources */ = {
			isa = PBXSourcesBuildPhase;
			buildActionMask = 2147483647;
			files = (
				46342CF11FE81AF2001F4365 /* ChannelVC.swift in Sources */,
				46342CEE1FE81ABD001F4365 /* ChatVC.swift in Sources */,
				467477A41FF13E6C00540582 /* CreateAccountVC.swift in Sources */,
				467477A21FEFF26C00540582 /* LoginVC.swift in Sources */,
				46342CF31FEBF71E001F4365 /* GradientView.swift in Sources */,
				46342CD41FE681BB001F4365 /* AppDelegate.swift in Sources */,
				46342CE91FE6931D001F4365 /* SWRevealViewController.m in Sources */,
				467477A01FEFE5D400540582 /* Constants.swift in Sources */,
			);
			runOnlyForDeploymentPostprocessing = 0;
		};
/* End PBXSourcesBuildPhase section */

/* Begin PBXVariantGroup section */
		46342CD71FE681BB001F4365 /* Main.storyboard */ = {
			isa = PBXVariantGroup;
			children = (
				46342CD81FE681BB001F4365 /* Base */,
			);
			name = Main.storyboard;
			sourceTree = "<group>";
		};
		46342CDC1FE681BB001F4365 /* LaunchScreen.storyboard */ = {
			isa = PBXVariantGroup;
			children = (
				46342CDD1FE681BB001F4365 /* Base */,
			);
			name = LaunchScreen.storyboard;
			sourceTree = "<group>";
		};
/* End PBXVariantGroup section */

/* Begin XCBuildConfiguration section */
		46342CE01FE681BB001F4365 /* Debug */ = {
			isa = XCBuildConfiguration;
			buildSettings = {
				ALWAYS_SEARCH_USER_PATHS = NO;
				CLANG_ANALYZER_NONNULL = YES;
				CLANG_ANALYZER_NUMBER_OBJECT_CONVERSION = YES_AGGRESSIVE;
				CLANG_CXX_LANGUAGE_STANDARD = "gnu++14";
				CLANG_CXX_LIBRARY = "libc++";
				CLANG_ENABLE_MODULES = YES;
				CLANG_ENABLE_OBJC_ARC = YES;
				CLANG_WARN_BLOCK_CAPTURE_AUTORELEASING = YES;
				CLANG_WARN_BOOL_CONVERSION = YES;
				CLANG_WARN_COMMA = YES;
				CLANG_WARN_CONSTANT_CONVERSION = YES;
				CLANG_WARN_DIRECT_OBJC_ISA_USAGE = YES_ERROR;
				CLANG_WARN_DOCUMENTATION_COMMENTS = YES;
				CLANG_WARN_EMPTY_BODY = YES;
				CLANG_WARN_ENUM_CONVERSION = YES;
				CLANG_WARN_INFINITE_RECURSION = YES;
				CLANG_WARN_INT_CONVERSION = YES;
				CLANG_WARN_NON_LITERAL_NULL_CONVERSION = YES;
				CLANG_WARN_OBJC_LITERAL_CONVERSION = YES;
				CLANG_WARN_OBJC_ROOT_CLASS = YES_ERROR;
				CLANG_WARN_RANGE_LOOP_ANALYSIS = YES;
				CLANG_WARN_STRICT_PROTOTYPES = YES;
				CLANG_WARN_SUSPICIOUS_MOVE = YES;
				CLANG_WARN_UNGUARDED_AVAILABILITY = YES_AGGRESSIVE;
				CLANG_WARN_UNREACHABLE_CODE = YES;
				CLANG_WARN__DUPLICATE_METHOD_MATCH = YES;
				CODE_SIGN_IDENTITY = "iPhone Developer";
				COPY_PHASE_STRIP = NO;
				DEBUG_INFORMATION_FORMAT = dwarf;
				ENABLE_STRICT_OBJC_MSGSEND = YES;
				ENABLE_TESTABILITY = YES;
				GCC_C_LANGUAGE_STANDARD = gnu11;
				GCC_DYNAMIC_NO_PIC = NO;
				GCC_NO_COMMON_BLOCKS = YES;
				GCC_OPTIMIZATION_LEVEL = 0;
				GCC_PREPROCESSOR_DEFINITIONS = (
					"DEBUG=1",
					"$(inherited)",
				);
				GCC_WARN_64_TO_32_BIT_CONVERSION = YES;
				GCC_WARN_ABOUT_RETURN_TYPE = YES_ERROR;
				GCC_WARN_UNDECLARED_SELECTOR = YES;
				GCC_WARN_UNINITIALIZED_AUTOS = YES_AGGRESSIVE;
				GCC_WARN_UNUSED_FUNCTION = YES;
				GCC_WARN_UNUSED_VARIABLE = YES;
				IPHONEOS_DEPLOYMENT_TARGET = 11.2;
				MTL_ENABLE_DEBUG_INFO = YES;
				ONLY_ACTIVE_ARCH = YES;
				SDKROOT = iphoneos;
				SWIFT_ACTIVE_COMPILATION_CONDITIONS = DEBUG;
				SWIFT_OPTIMIZATION_LEVEL = "-Onone";
			};
			name = Debug;
		};
		46342CE11FE681BB001F4365 /* Release */ = {
			isa = XCBuildConfiguration;
			buildSettings = {
				ALWAYS_SEARCH_USER_PATHS = NO;
				CLANG_ANALYZER_NONNULL = YES;
				CLANG_ANALYZER_NUMBER_OBJECT_CONVERSION = YES_AGGRESSIVE;
				CLANG_CXX_LANGUAGE_STANDARD = "gnu++14";
				CLANG_CXX_LIBRARY = "libc++";
				CLANG_ENABLE_MODULES = YES;
				CLANG_ENABLE_OBJC_ARC = YES;
				CLANG_WARN_BLOCK_CAPTURE_AUTORELEASING = YES;
				CLANG_WARN_BOOL_CONVERSION = YES;
				CLANG_WARN_COMMA = YES;
				CLANG_WARN_CONSTANT_CONVERSION = YES;
				CLANG_WARN_DIRECT_OBJC_ISA_USAGE = YES_ERROR;
				CLANG_WARN_DOCUMENTATION_COMMENTS = YES;
				CLANG_WARN_EMPTY_BODY = YES;
				CLANG_WARN_ENUM_CONVERSION = YES;
				CLANG_WARN_INFINITE_RECURSION = YES;
				CLANG_WARN_INT_CONVERSION = YES;
				CLANG_WARN_NON_LITERAL_NULL_CONVERSION = YES;
				CLANG_WARN_OBJC_LITERAL_CONVERSION = YES;
				CLANG_WARN_OBJC_ROOT_CLASS = YES_ERROR;
				CLANG_WARN_RANGE_LOOP_ANALYSIS = YES;
				CLANG_WARN_STRICT_PROTOTYPES = YES;
				CLANG_WARN_SUSPICIOUS_MOVE = YES;
				CLANG_WARN_UNGUARDED_AVAILABILITY = YES_AGGRESSIVE;
				CLANG_WARN_UNREACHABLE_CODE = YES;
				CLANG_WARN__DUPLICATE_METHOD_MATCH = YES;
				CODE_SIGN_IDENTITY = "iPhone Developer";
				COPY_PHASE_STRIP = NO;
				DEBUG_INFORMATION_FORMAT = "dwarf-with-dsym";
				ENABLE_NS_ASSERTIONS = NO;
				ENABLE_STRICT_OBJC_MSGSEND = YES;
				GCC_C_LANGUAGE_STANDARD = gnu11;
				GCC_NO_COMMON_BLOCKS = YES;
				GCC_WARN_64_TO_32_BIT_CONVERSION = YES;
				GCC_WARN_ABOUT_RETURN_TYPE = YES_ERROR;
				GCC_WARN_UNDECLARED_SELECTOR = YES;
				GCC_WARN_UNINITIALIZED_AUTOS = YES_AGGRESSIVE;
				GCC_WARN_UNUSED_FUNCTION = YES;
				GCC_WARN_UNUSED_VARIABLE = YES;
				IPHONEOS_DEPLOYMENT_TARGET = 11.2;
				MTL_ENABLE_DEBUG_INFO = NO;
				SDKROOT = iphoneos;
				SWIFT_OPTIMIZATION_LEVEL = "-Owholemodule";
				VALIDATE_PRODUCT = YES;
			};
			name = Release;
		};
		46342CE31FE681BB001F4365 /* Debug */ = {
			isa = XCBuildConfiguration;
			baseConfigurationReference = 70881E4313EE72B2D0A6EFFF /* Pods-Smack.debug.xcconfig */;
			buildSettings = {
				ASSETCATALOG_COMPILER_APPICON_NAME = AppIcon;
				CLANG_ENABLE_MODULES = YES;
				CODE_SIGN_STYLE = Automatic;
				INFOPLIST_FILE = Smack/Info.plist;
				LD_RUNPATH_SEARCH_PATHS = "$(inherited) @executable_path/Frameworks";
				PRODUCT_BUNDLE_IDENTIFIER = com.abhishekgoyal.Smack;
				PRODUCT_NAME = "$(TARGET_NAME)";
				SWIFT_OBJC_BRIDGING_HEADER = "Smack/Supporting Files/Smack-Bridging-Header.h";
				SWIFT_OPTIMIZATION_LEVEL = "-Onone";
				SWIFT_VERSION = 4.0;
				TARGETED_DEVICE_FAMILY = "1,2";
			};
			name = Debug;
		};
		46342CE41FE681BB001F4365 /* Release */ = {
			isa = XCBuildConfiguration;
			baseConfigurationReference = 0731C6FC7A91F3C51128952D /* Pods-Smack.release.xcconfig */;
			buildSettings = {
				ASSETCATALOG_COMPILER_APPICON_NAME = AppIcon;
				CLANG_ENABLE_MODULES = YES;
				CODE_SIGN_STYLE = Automatic;
				INFOPLIST_FILE = Smack/Info.plist;
				LD_RUNPATH_SEARCH_PATHS = "$(inherited) @executable_path/Frameworks";
				PRODUCT_BUNDLE_IDENTIFIER = com.abhishekgoyal.Smack;
				PRODUCT_NAME = "$(TARGET_NAME)";
				SWIFT_OBJC_BRIDGING_HEADER = "Smack/Supporting Files/Smack-Bridging-Header.h";
				SWIFT_VERSION = 4.0;
				TARGETED_DEVICE_FAMILY = "1,2";
			};
			name = Release;
		};
/* End XCBuildConfiguration section */

/* Begin XCConfigurationList section */
		46342CCB1FE681BA001F4365 /* Build configuration list for PBXProject "Smack" */ = {
			isa = XCConfigurationList;
			buildConfigurations = (
				46342CE01FE681BB001F4365 /* Debug */,
				46342CE11FE681BB001F4365 /* Release */,
			);
			defaultConfigurationIsVisible = 0;
			defaultConfigurationName = Release;
		};
		46342CE21FE681BB001F4365 /* Build configuration list for PBXNativeTarget "Smack" */ = {
			isa = XCConfigurationList;
			buildConfigurations = (
				46342CE31FE681BB001F4365 /* Debug */,
				46342CE41FE681BB001F4365 /* Release */,
			);
			defaultConfigurationIsVisible = 0;
			defaultConfigurationName = Release;
		};
/* End XCConfigurationList section */
	};
	rootObject = 46342CC81FE681BA001F4365 /* Project object */;
}
